
Microsoft Visual Studio Solution File, Format Version 12.00
# Visual Studio Version 17
VisualStudioVersion = 17.11.35327.3
MinimumVisualStudioVersion = 10.0.40219.1
Project("{FAE04EC0-301F-11D3-BF4B-00C04F79EFBC}") = "Register", "Register.csproj", "{1E42D9D0-CB24-4AD4-BA0B-9B63AA518FDE}"
EndProject
Global
	GlobalSection(SolutionConfigurationPlatforms) = preSolution
		Debug|Any CPU = Debug|Any CPU
		Release|Any CPU = Release|Any CPU
	EndGlobalSection
	GlobalSection(ProjectConfigurationPlatforms) = postSolution
		{1E42D9D0-CB24-4AD4-BA0B-9B63AA518FDE}.Debug|Any CPU.ActiveCfg = Debug|Any CPU
		{1E42D9D0-CB24-4AD4-BA0B-9B63AA518FDE}.Debug|Any CPU.Build.0 = Debug|Any CPU
		{1E42D9D0-CB24-4AD4-BA0B-9B63AA518FDE}.Release|Any CPU.ActiveCfg = Release|Any CPU
		{1E42D9D0-CB24-4AD4-BA0B-9B63AA518FDE}.Release|Any CPU.Build.0 = Release|Any CPU
	EndGlobalSection
	GlobalSection(SolutionProperties) = preSolution
		HideSolutionNode = FALSE
	EndGlobalSection
	GlobalSection(ExtensibilityGlobals) = postSolution
		SolutionGuid = {F1E733F1-626E-4847-905D-53D265DCF60B}
	EndGlobalSection
EndGlobal
